
Microsoft Visual Studio Solution File, Format Version 12.00
# Visual Studio Version 16
VisualStudioVersion = 16.0.30804.86
MinimumVisualStudioVersion = 10.0.40219.1
Project("{FAE04EC0-301F-11D3-BF4B-00C04F79EFBC}") = "VLADFOM.ITMO.ADONET.DBConnection", "VLADFOM.ITMO.ADONET\VLADFOM.ITMO.ADONET.DBConnection.csproj", "{CC23112D-DE1E-4A35-BC45-9F084B9C41AB}"
EndProject
Project("{FAE04EC0-301F-11D3-BF4B-00C04F79EFBC}") = "VLADFOM.ITMO.ADONET.DBCommand", "VLADFOM.ITMO.ADONET.DBCommand\VLADFOM.ITMO.ADONET.DBCommand.csproj", "{3CF8491A-CBCF-4D29-AF64-CC41EC0AE3D0}"
EndProject
Project("{FAE04EC0-301F-11D3-BF4B-00C04F79EFBC}") = "VLADFOM.ITMO.ADONET.DatasetDesigner", "VLADFOM.ITMO.ADONET.DatasetDesigner\VLADFOM.ITMO.ADONET.DatasetDesigner.csproj", "{69E9F9BB-1EFC-46DF-A7C4-DE3D33D909E6}"
EndProject
Project("{FAE04EC0-301F-11D3-BF4B-00C04F79EFBC}") = "VLADFOM.ITMO.CreatingDataTable", "VLADFOM.ITMO.CreatingDataTable\VLADFOM.ITMO.CreatingDataTable.csproj", "{5887ADA4-D384-4830-AAA1-A7DDF35821B2}"
EndProject
Project("{FAE04EC0-301F-11D3-BF4B-00C04F79EFBC}") = "VLADFOM.ITMO.ADONET.DataAdapterProgram", "VLADFOM.ITMO.ADONET.DataAdapterProgram\VLADFOM.ITMO.ADONET.DataAdapterProgram.csproj", "{6A43E546-1827-4841-A694-A3D688FB72CC}"
EndProject
Global
	GlobalSection(SolutionConfigurationPlatforms) = preSolution
		Debug|Any CPU = Debug|Any CPU
		Release|Any CPU = Release|Any CPU
	EndGlobalSection
	GlobalSection(ProjectConfigurationPlatforms) = postSolution
		{CC23112D-DE1E-4A35-BC45-9F084B9C41AB}.Debug|Any CPU.ActiveCfg = Debug|Any CPU
		{CC23112D-DE1E-4A35-BC45-9F084B9C41AB}.Debug|Any CPU.Build.0 = Debug|Any CPU
		{CC23112D-DE1E-4A35-BC45-9F084B9C41AB}.Release|Any CPU.ActiveCfg = Release|Any CPU
		{CC23112D-DE1E-4A35-BC45-9F084B9C41AB}.Release|Any CPU.Build.0 = Release|Any CPU
		{3CF8491A-CBCF-4D29-AF64-CC41EC0AE3D0}.Debug|Any CPU.ActiveCfg = Debug|Any CPU
		{3CF8491A-CBCF-4D29-AF64-CC41EC0AE3D0}.Debug|Any CPU.Build.0 = Debug|Any CPU
		{3CF8491A-CBCF-4D29-AF64-CC41EC0AE3D0}.Release|Any CPU.ActiveCfg = Release|Any CPU
		{3CF8491A-CBCF-4D29-AF64-CC41EC0AE3D0}.Release|Any CPU.Build.0 = Release|Any CPU
		{69E9F9BB-1EFC-46DF-A7C4-DE3D33D909E6}.Debug|Any CPU.ActiveCfg = Debug|Any CPU
		{69E9F9BB-1EFC-46DF-A7C4-DE3D33D909E6}.Debug|Any CPU.Build.0 = Debug|Any CPU
		{69E9F9BB-1EFC-46DF-A7C4-DE3D33D909E6}.Release|Any CPU.ActiveCfg = Release|Any CPU
		{69E9F9BB-1EFC-46DF-A7C4-DE3D33D909E6}.Release|Any CPU.Build.0 = Release|Any CPU
		{5887ADA4-D384-4830-AAA1-A7DDF35821B2}.Debug|Any CPU.ActiveCfg = Debug|Any CPU
		{5887ADA4-D384-4830-AAA1-A7DDF35821B2}.Debug|Any CPU.Build.0 = Debug|Any CPU
		{5887ADA4-D384-4830-AAA1-A7DDF35821B2}.Release|Any CPU.ActiveCfg = Release|Any CPU
		{5887ADA4-D384-4830-AAA1-A7DDF35821B2}.Release|Any CPU.Build.0 = Release|Any CPU
		{6A43E546-1827-4841-A694-A3D688FB72CC}.Debug|Any CPU.ActiveCfg = Debug|Any CPU
		{6A43E546-1827-4841-A694-A3D688FB72CC}.Debug|Any CPU.Build.0 = Debug|Any CPU
		{6A43E546-1827-4841-A694-A3D688FB72CC}.Release|Any CPU.ActiveCfg = Release|Any CPU
		{6A43E546-1827-4841-A694-A3D688FB72CC}.Release|Any CPU.Build.0 = Release|Any CPU
	EndGlobalSection
	GlobalSection(SolutionProperties) = preSolution
		HideSolutionNode = FALSE
	EndGlobalSection
	GlobalSection(ExtensibilityGlobals) = postSolution
		SolutionGuid = {65D5CDD9-6919-4174-8067-A69DBBA95C56}
	EndGlobalSection
EndGlobal
