
Microsoft Visual Studio Solution File, Format Version 12.00
# Visual Studio Version 16
VisualStudioVersion = 16.0.30804.86
MinimumVisualStudioVersion = 10.0.40219.1
Project("{FAE04EC0-301F-11D3-BF4B-00C04F79EFBC}") = "VLADFOM.ITMO.ADONET.DBConnection", "VLADFOM.ITMO.ADONET\VLADFOM.ITMO.ADONET.DBConnection.csproj", "{CC23112D-DE1E-4A35-BC45-9F084B9C41AB}"
EndProject
Project("{FAE04EC0-301F-11D3-BF4B-00C04F79EFBC}") = "VLADFOM.ITMO.ADONET.DBCommand", "VLADFOM.ITMO.ADONET.DBCommand\VLADFOM.ITMO.ADONET.DBCommand.csproj", "{3CF8491A-CBCF-4D29-AF64-CC41EC0AE3D0}"
EndProject
Project("{FAE04EC0-301F-11D3-BF4B-00C04F79EFBC}") = "VLADFOM.ITMO.ADONET.DatasetDesigner", "VLADFOM.ITMO.ADONET.DatasetDesigner\VLADFOM.ITMO.ADONET.DatasetDesigner.csproj", "{69E9F9BB-1EFC-46DF-A7C4-DE3D33D909E6}"
EndProject
Project("{FAE04EC0-301F-11D3-BF4B-00C04F79EFBC}") = "VLADFOM.ITMO.CreatingDataTable", "VLADFOM.ITMO.CreatingDataTable\VLADFOM.ITMO.CreatingDataTable.csproj", "{5887ADA4-D384-4830-AAA1-A7DDF35821B2}"
EndProject
Project("{FAE04EC0-301F-11D3-BF4B-00C04F79EFBC}") = "VLADFOM.ITMO.ADONET.DataAdapterProgram", "VLADFOM.ITMO.ADONET.DataAdapterProgram\VLADFOM.ITMO.ADONET.DataAdapterProgram.csproj", "{6A43E546-1827-4841-A694-A3D688FB72CC}"
EndProject
Project("{FAE04EC0-301F-11D3-BF4B-00C04F79EFBC}") = "VLADFOM.ITMO.ADONET.DataAdapterWizard", "VLADFOM.ITMO.ADONET.DataAdapterWizard\VLADFOM.ITMO.ADONET.DataAdapterWizard.csproj", "{552EB612-AC93-4327-A769-92E476B5F71A}"
EndProject
Project("{FAE04EC0-301F-11D3-BF4B-00C04F79EFBC}") = "VLADFOM.ITMO.ADONET.WorkingDataTable", "VLADFOM.ITMO.ADONET.WorkingDataTable\VLADFOM.ITMO.ADONET.WorkingDataTable.csproj", "{79CE19C6-201E-42FA-A5CE-436BF3B7C457}"
EndProject
Project("{FAE04EC0-301F-11D3-BF4B-00C04F79EFBC}") = "VLADFOM.ITMO.ADONET.DataViewExample", "VLADFOM.ITMO.ADONET.DataViewExample\VLADFOM.ITMO.ADONET.DataViewExample.csproj", "{291DA6AC-C7E2-4501-8080-60DA1C44E8E1}"
EndProject
Project("{FAE04EC0-301F-11D3-BF4B-00C04F79EFBC}") = "VLADFOM.ITMO.ADONET.DataSourcesWizard", "VLADFOM.ITMO.ADONET.DataSourcesWizard\VLADFOM.ITMO.ADONET.DataSourcesWizard.csproj", "{B00D755B-7BB4-41AC-8D3A-266DEFC3FCE6}"
EndProject
Project("{FAE04EC0-301F-11D3-BF4B-00C04F79EFBC}") = "VLADFOM.ITMO.ADONET.DataBindingSimple", "VLADFOM.ITMO.ADONET.DataBindingSimple\VLADFOM.ITMO.ADONET.DataBindingSimple.csproj", "{EA3A2554-14C9-4D2A-B753-3E09F08CC413}"
EndProject
Project("{FAE04EC0-301F-11D3-BF4B-00C04F79EFBC}") = "VLADFOM.ITMO.ADONET.DataBindingComplex", "VLADFOM.ITMO.ADONET.DataBindingComplex\VLADFOM.ITMO.ADONET.DataBindingComplex.csproj", "{FF9D883F-62CC-4697-B9CE-5C2D44759DF0}"
EndProject
Project("{FAE04EC0-301F-11D3-BF4B-00C04F79EFBC}") = "VLADFOM.ITMO.ADONET.DataGridViewExample", "VLADFOM.ITMO.ADONET.DataGridViewExample\VLADFOM.ITMO.ADONET.DataGridViewExample.csproj", "{38EEB6A5-9551-4209-80CF-FAC7A11D89EE}"
EndProject
Project("{FAE04EC0-301F-11D3-BF4B-00C04F79EFBC}") = "VLADFOM.ITMO.ADONET.SavingDataSetXml", "VLADFOM.ITMO.ADONET.SavingDataSetXml\VLADFOM.ITMO.ADONET.SavingDataSetXml.csproj", "{4B71A984-7E7B-48AD-9291-A3686E3C120E}"
EndProject
Project("{FAE04EC0-301F-11D3-BF4B-00C04F79EFBC}") = "VLADFOM.ITMO.ADONET.LoadDataSetXml", "VLADFOM.ITMO.ADONET.LoadDataSetXml\VLADFOM.ITMO.ADONET.LoadDataSetXml.csproj", "{8B1AF593-03D3-40D4-B653-1DE9A0E96957}"
EndProject
Project("{FAE04EC0-301F-11D3-BF4B-00C04F79EFBC}") = "VLADFOM.ITMO.ADONET.Linq_Student", "VLADFOM.ITMO.ADONET.Linq_Student\VLADFOM.ITMO.ADONET.Linq_Student.csproj", "{A86A9E45-2251-4D05-AD05-01577108BC06}"
EndProject
Project("{FAE04EC0-301F-11D3-BF4B-00C04F79EFBC}") = "VLADFOM.ITMO.ADONET.LINQsql_1", "VLADFOM.ITMO.ADONET.LINQsql_1\VLADFOM.ITMO.ADONET.LINQsql_1.csproj", "{4F50FFAC-BB92-4A9A-91E9-17040D315E0E}"
EndProject
Project("{FAE04EC0-301F-11D3-BF4B-00C04F79EFBC}") = "VLADFOM.ITMO.ADONET.LINQsqlSproc", "VLADFOM.ITMO.ADONET.LINQsqlSproc\VLADFOM.ITMO.ADONET.LINQsqlSproc.csproj", "{C9D505A2-1DB6-451A-A558-74D9F6F51E50}"
EndProject
Project("{FAE04EC0-301F-11D3-BF4B-00C04F79EFBC}") = "VLADFOM.ITMO.ADONET.LINQsql_m", "VLADFOM.ITMO.ADONET.LINQsql_m\VLADFOM.ITMO.ADONET.LINQsql_m.csproj", "{68224E37-2120-4958-B321-3600263DBA85}"
EndProject
Project("{FAE04EC0-301F-11D3-BF4B-00C04F79EFBC}") = "VLADFOM.ITMO.ADONET.CourseManager", "VLADFOM.ITMO.ADONET.CourseManager\VLADFOM.ITMO.ADONET.CourseManager.csproj", "{857C86F0-39D4-4685-B1D3-18C96C1500A9}"
EndProject
Project("{FAE04EC0-301F-11D3-BF4B-00C04F79EFBC}") = "VLADFOM.ITMO.ADONET.CustomerManager", "VLADFOM.ITMO.ADONET.CustomerManager\VLADFOM.ITMO.ADONET.CustomerManager.csproj", "{5347101F-2FF2-4431-ADFD-4A69DF6EA27F}"
EndProject
Project("{FAE04EC0-301F-11D3-BF4B-00C04F79EFBC}") = "VLADFOM.ITMO.ADONET.CodeFirst", "VLADFOM.ITMO.ADONET.CodeFirst\VLADFOM.ITMO.ADONET.CodeFirst.csproj", "{15177F19-02D3-4F89-A94A-59DCD58C158F}"
EndProject
Global
	GlobalSection(SolutionConfigurationPlatforms) = preSolution
		Debug|Any CPU = Debug|Any CPU
		Release|Any CPU = Release|Any CPU
	EndGlobalSection
	GlobalSection(ProjectConfigurationPlatforms) = postSolution
		{CC23112D-DE1E-4A35-BC45-9F084B9C41AB}.Debug|Any CPU.ActiveCfg = Debug|Any CPU
		{CC23112D-DE1E-4A35-BC45-9F084B9C41AB}.Debug|Any CPU.Build.0 = Debug|Any CPU
		{CC23112D-DE1E-4A35-BC45-9F084B9C41AB}.Release|Any CPU.ActiveCfg = Release|Any CPU
		{CC23112D-DE1E-4A35-BC45-9F084B9C41AB}.Release|Any CPU.Build.0 = Release|Any CPU
		{3CF8491A-CBCF-4D29-AF64-CC41EC0AE3D0}.Debug|Any CPU.ActiveCfg = Debug|Any CPU
		{3CF8491A-CBCF-4D29-AF64-CC41EC0AE3D0}.Debug|Any CPU.Build.0 = Debug|Any CPU
		{3CF8491A-CBCF-4D29-AF64-CC41EC0AE3D0}.Release|Any CPU.ActiveCfg = Release|Any CPU
		{3CF8491A-CBCF-4D29-AF64-CC41EC0AE3D0}.Release|Any CPU.Build.0 = Release|Any CPU
		{69E9F9BB-1EFC-46DF-A7C4-DE3D33D909E6}.Debug|Any CPU.ActiveCfg = Debug|Any CPU
		{69E9F9BB-1EFC-46DF-A7C4-DE3D33D909E6}.Debug|Any CPU.Build.0 = Debug|Any CPU
		{69E9F9BB-1EFC-46DF-A7C4-DE3D33D909E6}.Release|Any CPU.ActiveCfg = Release|Any CPU
		{69E9F9BB-1EFC-46DF-A7C4-DE3D33D909E6}.Release|Any CPU.Build.0 = Release|Any CPU
		{5887ADA4-D384-4830-AAA1-A7DDF35821B2}.Debug|Any CPU.ActiveCfg = Debug|Any CPU
		{5887ADA4-D384-4830-AAA1-A7DDF35821B2}.Debug|Any CPU.Build.0 = Debug|Any CPU
		{5887ADA4-D384-4830-AAA1-A7DDF35821B2}.Release|Any CPU.ActiveCfg = Release|Any CPU
		{5887ADA4-D384-4830-AAA1-A7DDF35821B2}.Release|Any CPU.Build.0 = Release|Any CPU
		{6A43E546-1827-4841-A694-A3D688FB72CC}.Debug|Any CPU.ActiveCfg = Debug|Any CPU
		{6A43E546-1827-4841-A694-A3D688FB72CC}.Debug|Any CPU.Build.0 = Debug|Any CPU
		{6A43E546-1827-4841-A694-A3D688FB72CC}.Release|Any CPU.ActiveCfg = Release|Any CPU
		{6A43E546-1827-4841-A694-A3D688FB72CC}.Release|Any CPU.Build.0 = Release|Any CPU
		{552EB612-AC93-4327-A769-92E476B5F71A}.Debug|Any CPU.ActiveCfg = Debug|Any CPU
		{552EB612-AC93-4327-A769-92E476B5F71A}.Debug|Any CPU.Build.0 = Debug|Any CPU
		{552EB612-AC93-4327-A769-92E476B5F71A}.Release|Any CPU.ActiveCfg = Release|Any CPU
		{552EB612-AC93-4327-A769-92E476B5F71A}.Release|Any CPU.Build.0 = Release|Any CPU
		{79CE19C6-201E-42FA-A5CE-436BF3B7C457}.Debug|Any CPU.ActiveCfg = Debug|Any CPU
		{79CE19C6-201E-42FA-A5CE-436BF3B7C457}.Debug|Any CPU.Build.0 = Debug|Any CPU
		{79CE19C6-201E-42FA-A5CE-436BF3B7C457}.Release|Any CPU.ActiveCfg = Release|Any CPU
		{79CE19C6-201E-42FA-A5CE-436BF3B7C457}.Release|Any CPU.Build.0 = Release|Any CPU
		{291DA6AC-C7E2-4501-8080-60DA1C44E8E1}.Debug|Any CPU.ActiveCfg = Debug|Any CPU
		{291DA6AC-C7E2-4501-8080-60DA1C44E8E1}.Debug|Any CPU.Build.0 = Debug|Any CPU
		{291DA6AC-C7E2-4501-8080-60DA1C44E8E1}.Release|Any CPU.ActiveCfg = Release|Any CPU
		{291DA6AC-C7E2-4501-8080-60DA1C44E8E1}.Release|Any CPU.Build.0 = Release|Any CPU
		{B00D755B-7BB4-41AC-8D3A-266DEFC3FCE6}.Debug|Any CPU.ActiveCfg = Debug|Any CPU
		{B00D755B-7BB4-41AC-8D3A-266DEFC3FCE6}.Debug|Any CPU.Build.0 = Debug|Any CPU
		{B00D755B-7BB4-41AC-8D3A-266DEFC3FCE6}.Release|Any CPU.ActiveCfg = Release|Any CPU
		{B00D755B-7BB4-41AC-8D3A-266DEFC3FCE6}.Release|Any CPU.Build.0 = Release|Any CPU
		{EA3A2554-14C9-4D2A-B753-3E09F08CC413}.Debug|Any CPU.ActiveCfg = Debug|Any CPU
		{EA3A2554-14C9-4D2A-B753-3E09F08CC413}.Debug|Any CPU.Build.0 = Debug|Any CPU
		{EA3A2554-14C9-4D2A-B753-3E09F08CC413}.Release|Any CPU.ActiveCfg = Release|Any CPU
		{EA3A2554-14C9-4D2A-B753-3E09F08CC413}.Release|Any CPU.Build.0 = Release|Any CPU
		{FF9D883F-62CC-4697-B9CE-5C2D44759DF0}.Debug|Any CPU.ActiveCfg = Debug|Any CPU
		{FF9D883F-62CC-4697-B9CE-5C2D44759DF0}.Debug|Any CPU.Build.0 = Debug|Any CPU
		{FF9D883F-62CC-4697-B9CE-5C2D44759DF0}.Release|Any CPU.ActiveCfg = Release|Any CPU
		{FF9D883F-62CC-4697-B9CE-5C2D44759DF0}.Release|Any CPU.Build.0 = Release|Any CPU
		{38EEB6A5-9551-4209-80CF-FAC7A11D89EE}.Debug|Any CPU.ActiveCfg = Debug|Any CPU
		{38EEB6A5-9551-4209-80CF-FAC7A11D89EE}.Debug|Any CPU.Build.0 = Debug|Any CPU
		{38EEB6A5-9551-4209-80CF-FAC7A11D89EE}.Release|Any CPU.ActiveCfg = Release|Any CPU
		{38EEB6A5-9551-4209-80CF-FAC7A11D89EE}.Release|Any CPU.Build.0 = Release|Any CPU
		{4B71A984-7E7B-48AD-9291-A3686E3C120E}.Debug|Any CPU.ActiveCfg = Debug|Any CPU
		{4B71A984-7E7B-48AD-9291-A3686E3C120E}.Debug|Any CPU.Build.0 = Debug|Any CPU
		{4B71A984-7E7B-48AD-9291-A3686E3C120E}.Release|Any CPU.ActiveCfg = Release|Any CPU
		{4B71A984-7E7B-48AD-9291-A3686E3C120E}.Release|Any CPU.Build.0 = Release|Any CPU
		{8B1AF593-03D3-40D4-B653-1DE9A0E96957}.Debug|Any CPU.ActiveCfg = Debug|Any CPU
		{8B1AF593-03D3-40D4-B653-1DE9A0E96957}.Debug|Any CPU.Build.0 = Debug|Any CPU
		{8B1AF593-03D3-40D4-B653-1DE9A0E96957}.Release|Any CPU.ActiveCfg = Release|Any CPU
		{8B1AF593-03D3-40D4-B653-1DE9A0E96957}.Release|Any CPU.Build.0 = Release|Any CPU
		{A86A9E45-2251-4D05-AD05-01577108BC06}.Debug|Any CPU.ActiveCfg = Debug|Any CPU
		{A86A9E45-2251-4D05-AD05-01577108BC06}.Debug|Any CPU.Build.0 = Debug|Any CPU
		{A86A9E45-2251-4D05-AD05-01577108BC06}.Release|Any CPU.ActiveCfg = Release|Any CPU
		{A86A9E45-2251-4D05-AD05-01577108BC06}.Release|Any CPU.Build.0 = Release|Any CPU
		{4F50FFAC-BB92-4A9A-91E9-17040D315E0E}.Debug|Any CPU.ActiveCfg = Debug|Any CPU
		{4F50FFAC-BB92-4A9A-91E9-17040D315E0E}.Debug|Any CPU.Build.0 = Debug|Any CPU
		{4F50FFAC-BB92-4A9A-91E9-17040D315E0E}.Release|Any CPU.ActiveCfg = Release|Any CPU
		{4F50FFAC-BB92-4A9A-91E9-17040D315E0E}.Release|Any CPU.Build.0 = Release|Any CPU
		{C9D505A2-1DB6-451A-A558-74D9F6F51E50}.Debug|Any CPU.ActiveCfg = Debug|Any CPU
		{C9D505A2-1DB6-451A-A558-74D9F6F51E50}.Debug|Any CPU.Build.0 = Debug|Any CPU
		{C9D505A2-1DB6-451A-A558-74D9F6F51E50}.Release|Any CPU.ActiveCfg = Release|Any CPU
		{C9D505A2-1DB6-451A-A558-74D9F6F51E50}.Release|Any CPU.Build.0 = Release|Any CPU
		{68224E37-2120-4958-B321-3600263DBA85}.Debug|Any CPU.ActiveCfg = Debug|Any CPU
		{68224E37-2120-4958-B321-3600263DBA85}.Debug|Any CPU.Build.0 = Debug|Any CPU
		{68224E37-2120-4958-B321-3600263DBA85}.Release|Any CPU.ActiveCfg = Release|Any CPU
		{68224E37-2120-4958-B321-3600263DBA85}.Release|Any CPU.Build.0 = Release|Any CPU
		{857C86F0-39D4-4685-B1D3-18C96C1500A9}.Debug|Any CPU.ActiveCfg = Debug|Any CPU
		{857C86F0-39D4-4685-B1D3-18C96C1500A9}.Debug|Any CPU.Build.0 = Debug|Any CPU
		{857C86F0-39D4-4685-B1D3-18C96C1500A9}.Release|Any CPU.ActiveCfg = Release|Any CPU
		{857C86F0-39D4-4685-B1D3-18C96C1500A9}.Release|Any CPU.Build.0 = Release|Any CPU
		{5347101F-2FF2-4431-ADFD-4A69DF6EA27F}.Debug|Any CPU.ActiveCfg = Debug|Any CPU
		{5347101F-2FF2-4431-ADFD-4A69DF6EA27F}.Debug|Any CPU.Build.0 = Debug|Any CPU
		{5347101F-2FF2-4431-ADFD-4A69DF6EA27F}.Release|Any CPU.ActiveCfg = Release|Any CPU
		{5347101F-2FF2-4431-ADFD-4A69DF6EA27F}.Release|Any CPU.Build.0 = Release|Any CPU
		{15177F19-02D3-4F89-A94A-59DCD58C158F}.Debug|Any CPU.ActiveCfg = Debug|Any CPU
		{15177F19-02D3-4F89-A94A-59DCD58C158F}.Debug|Any CPU.Build.0 = Debug|Any CPU
		{15177F19-02D3-4F89-A94A-59DCD58C158F}.Release|Any CPU.ActiveCfg = Release|Any CPU
		{15177F19-02D3-4F89-A94A-59DCD58C158F}.Release|Any CPU.Build.0 = Release|Any CPU
	EndGlobalSection
	GlobalSection(SolutionProperties) = preSolution
		HideSolutionNode = FALSE
	EndGlobalSection
	GlobalSection(ExtensibilityGlobals) = postSolution
		SolutionGuid = {65D5CDD9-6919-4174-8067-A69DBBA95C56}
	EndGlobalSection
EndGlobal
